
Microsoft Visual Studio Solution File, Format Version 12.00
# Visual Studio Version 16
VisualStudioVersion = 16.0.31729.503
MinimumVisualStudioVersion = 10.0.40219.1
Project("{FAE04EC0-301F-11D3-BF4B-00C04F79EFBC}") = "Traveling_Salesman_CLI", "Traveling_Salesman_CLI.csproj", "{460E728A-3957-49E8-B3B3-E1B9DF23BCF3}"
EndProject
Global
	GlobalSection(SolutionConfigurationPlatforms) = preSolution
		Debug|Any CPU = Debug|Any CPU
		Release|Any CPU = Release|Any CPU
	EndGlobalSection
	GlobalSection(ProjectConfigurationPlatforms) = postSolution
		{460E728A-3957-49E8-B3B3-E1B9DF23BCF3}.Debug|Any CPU.ActiveCfg = Debug|Any CPU
		{460E728A-3957-49E8-B3B3-E1B9DF23BCF3}.Debug|Any CPU.Build.0 = Debug|Any CPU
		{460E728A-3957-49E8-B3B3-E1B9DF23BCF3}.Release|Any CPU.ActiveCfg = Release|Any CPU
		{460E728A-3957-49E8-B3B3-E1B9DF23BCF3}.Release|Any CPU.Build.0 = Release|Any CPU
	EndGlobalSection
	GlobalSection(SolutionProperties) = preSolution
		HideSolutionNode = FALSE
	EndGlobalSection
	GlobalSection(ExtensibilityGlobals) = postSolution
		SolutionGuid = {ABCCE5B7-7863-4315-8DAB-C06B1BD4284D}
	EndGlobalSection
EndGlobal
